
Microsoft Visual Studio Solution File, Format Version 12.00
Project("{FAE04EC0-301F-11D3-BF4B-00C04F79EFBC}") = "Model", "Model\Model.csproj", "{DE4DF2F4-959D-4BE6-B56C-DD556F85695D}"
EndProject
Project("{FAE04EC0-301F-11D3-BF4B-00C04F79EFBC}") = "ModelView", "ModelView\ModelView.csproj", "{1448F5FD-7BF6-4DB6-989B-3A7B4DDB379D}"
EndProject
Project("{FAE04EC0-301F-11D3-BF4B-00C04F79EFBC}") = "View", "View\View.csproj", "{1E07003B-417E-4E7B-9B46-7EE23C883BC3}"
EndProject
Project("{FAE04EC0-301F-11D3-BF4B-00C04F79EFBC}") = "Application", "Application\Application.csproj", "{112D76E8-58FC-4071-8301-D0424C19918F}"
EndProject
Project("{FAE04EC0-301F-11D3-BF4B-00C04F79EFBC}") = "Addons", "Addons\Addons.csproj", "{3BC34089-96B9-40F3-B95B-0F95EAD31882}"
EndProject
Global
	GlobalSection(SolutionConfigurationPlatforms) = preSolution
		Debug|Any CPU = Debug|Any CPU
		Release|Any CPU = Release|Any CPU
	EndGlobalSection
	GlobalSection(ProjectConfigurationPlatforms) = postSolution
		{DE4DF2F4-959D-4BE6-B56C-DD556F85695D}.Debug|Any CPU.ActiveCfg = Debug|Any CPU
		{DE4DF2F4-959D-4BE6-B56C-DD556F85695D}.Debug|Any CPU.Build.0 = Debug|Any CPU
		{DE4DF2F4-959D-4BE6-B56C-DD556F85695D}.Release|Any CPU.ActiveCfg = Release|Any CPU
		{DE4DF2F4-959D-4BE6-B56C-DD556F85695D}.Release|Any CPU.Build.0 = Release|Any CPU
		{1448F5FD-7BF6-4DB6-989B-3A7B4DDB379D}.Debug|Any CPU.ActiveCfg = Debug|Any CPU
		{1448F5FD-7BF6-4DB6-989B-3A7B4DDB379D}.Debug|Any CPU.Build.0 = Debug|Any CPU
		{1448F5FD-7BF6-4DB6-989B-3A7B4DDB379D}.Release|Any CPU.ActiveCfg = Release|Any CPU
		{1448F5FD-7BF6-4DB6-989B-3A7B4DDB379D}.Release|Any CPU.Build.0 = Release|Any CPU
		{1E07003B-417E-4E7B-9B46-7EE23C883BC3}.Debug|Any CPU.ActiveCfg = Debug|Any CPU
		{1E07003B-417E-4E7B-9B46-7EE23C883BC3}.Debug|Any CPU.Build.0 = Debug|Any CPU
		{1E07003B-417E-4E7B-9B46-7EE23C883BC3}.Release|Any CPU.ActiveCfg = Release|Any CPU
		{1E07003B-417E-4E7B-9B46-7EE23C883BC3}.Release|Any CPU.Build.0 = Release|Any CPU
		{112D76E8-58FC-4071-8301-D0424C19918F}.Debug|Any CPU.ActiveCfg = Debug|Any CPU
		{112D76E8-58FC-4071-8301-D0424C19918F}.Debug|Any CPU.Build.0 = Debug|Any CPU
		{112D76E8-58FC-4071-8301-D0424C19918F}.Release|Any CPU.ActiveCfg = Release|Any CPU
		{112D76E8-58FC-4071-8301-D0424C19918F}.Release|Any CPU.Build.0 = Release|Any CPU
		{3BC34089-96B9-40F3-B95B-0F95EAD31882}.Debug|Any CPU.ActiveCfg = Debug|Any CPU
		{3BC34089-96B9-40F3-B95B-0F95EAD31882}.Debug|Any CPU.Build.0 = Debug|Any CPU
		{3BC34089-96B9-40F3-B95B-0F95EAD31882}.Release|Any CPU.ActiveCfg = Release|Any CPU
		{3BC34089-96B9-40F3-B95B-0F95EAD31882}.Release|Any CPU.Build.0 = Release|Any CPU
	EndGlobalSection
EndGlobal
