
Microsoft Visual Studio Solution File, Format Version 12.00
Project("{FAE04EC0-301F-11D3-BF4B-00C04F79EFBC}") = "View", "View\View.csproj", "{131B0E7E-0AE4-4374-9A71-416091267DE0}"
EndProject
Project("{FAE04EC0-301F-11D3-BF4B-00C04F79EFBC}") = "Model", "Model\Model.csproj", "{D275D717-5B62-4769-A6E2-CF8F49F6A46E}"
EndProject
Project("{FAE04EC0-301F-11D3-BF4B-00C04F79EFBC}") = "ModelView", "ModelView\ModelView.csproj", "{363FB76C-2BBD-45AC-9B79-8FA6D6B01A80}"
EndProject
Project("{FAE04EC0-301F-11D3-BF4B-00C04F79EFBC}") = "Addons", "Addons\Addons.csproj", "{A8355E5D-00F9-4B09-9B46-64B90EE441C2}"
EndProject
Global
	GlobalSection(SolutionConfigurationPlatforms) = preSolution
		Debug|Any CPU = Debug|Any CPU
		Release|Any CPU = Release|Any CPU
	EndGlobalSection
	GlobalSection(ProjectConfigurationPlatforms) = postSolution
		{131B0E7E-0AE4-4374-9A71-416091267DE0}.Debug|Any CPU.ActiveCfg = Debug|Any CPU
		{131B0E7E-0AE4-4374-9A71-416091267DE0}.Debug|Any CPU.Build.0 = Debug|Any CPU
		{131B0E7E-0AE4-4374-9A71-416091267DE0}.Release|Any CPU.ActiveCfg = Release|Any CPU
		{131B0E7E-0AE4-4374-9A71-416091267DE0}.Release|Any CPU.Build.0 = Release|Any CPU
		{D275D717-5B62-4769-A6E2-CF8F49F6A46E}.Debug|Any CPU.ActiveCfg = Debug|Any CPU
		{D275D717-5B62-4769-A6E2-CF8F49F6A46E}.Debug|Any CPU.Build.0 = Debug|Any CPU
		{D275D717-5B62-4769-A6E2-CF8F49F6A46E}.Release|Any CPU.ActiveCfg = Release|Any CPU
		{D275D717-5B62-4769-A6E2-CF8F49F6A46E}.Release|Any CPU.Build.0 = Release|Any CPU
		{363FB76C-2BBD-45AC-9B79-8FA6D6B01A80}.Debug|Any CPU.ActiveCfg = Debug|Any CPU
		{363FB76C-2BBD-45AC-9B79-8FA6D6B01A80}.Debug|Any CPU.Build.0 = Debug|Any CPU
		{363FB76C-2BBD-45AC-9B79-8FA6D6B01A80}.Release|Any CPU.ActiveCfg = Release|Any CPU
		{363FB76C-2BBD-45AC-9B79-8FA6D6B01A80}.Release|Any CPU.Build.0 = Release|Any CPU
		{A8355E5D-00F9-4B09-9B46-64B90EE441C2}.Debug|Any CPU.ActiveCfg = Debug|Any CPU
		{A8355E5D-00F9-4B09-9B46-64B90EE441C2}.Debug|Any CPU.Build.0 = Debug|Any CPU
		{A8355E5D-00F9-4B09-9B46-64B90EE441C2}.Release|Any CPU.ActiveCfg = Release|Any CPU
		{A8355E5D-00F9-4B09-9B46-64B90EE441C2}.Release|Any CPU.Build.0 = Release|Any CPU
	EndGlobalSection
EndGlobal
